
Microsoft Visual Studio Solution File, Format Version 12.00
# Visual Studio Version 16
VisualStudioVersion = 16.0.31205.134
MinimumVisualStudioVersion = 10.0.40219.1
Project("{9A19103F-16F7-4668-BE54-9A1E7A4F7556}") = "homework1", "homework1.csproj", "{437DA757-67AC-4F91-AABA-D49A4496D818}"
EndProject
Global
	GlobalSection(SolutionConfigurationPlatforms) = preSolution
		Debug|Any CPU = Debug|Any CPU
		Release|Any CPU = Release|Any CPU
	EndGlobalSection
	GlobalSection(ProjectConfigurationPlatforms) = postSolution
		{437DA757-67AC-4F91-AABA-D49A4496D818}.Debug|Any CPU.ActiveCfg = Debug|Any CPU
		{437DA757-67AC-4F91-AABA-D49A4496D818}.Debug|Any CPU.Build.0 = Debug|Any CPU
		{437DA757-67AC-4F91-AABA-D49A4496D818}.Release|Any CPU.ActiveCfg = Release|Any CPU
		{437DA757-67AC-4F91-AABA-D49A4496D818}.Release|Any CPU.Build.0 = Release|Any CPU
	EndGlobalSection
	GlobalSection(SolutionProperties) = preSolution
		HideSolutionNode = FALSE
	EndGlobalSection
	GlobalSection(ExtensibilityGlobals) = postSolution
		SolutionGuid = {15EC48D6-522E-470D-A4C5-7F977A21EF61}
	EndGlobalSection
EndGlobal
