
Microsoft Visual Studio Solution File, Format Version 12.00
# Visual Studio Version 16
VisualStudioVersion = 16.0.31229.75
MinimumVisualStudioVersion = 10.0.40219.1
Project("{FAE04EC0-301F-11D3-BF4B-00C04F79EFBC}") = "homework4", "homework4.csproj", "{AA9D4436-27BF-4661-B0BF-D1F10C1ACC9A}"
EndProject
Global
	GlobalSection(SolutionConfigurationPlatforms) = preSolution
		Debug|Any CPU = Debug|Any CPU
		Release|Any CPU = Release|Any CPU
	EndGlobalSection
	GlobalSection(ProjectConfigurationPlatforms) = postSolution
		{AA9D4436-27BF-4661-B0BF-D1F10C1ACC9A}.Debug|Any CPU.ActiveCfg = Debug|Any CPU
		{AA9D4436-27BF-4661-B0BF-D1F10C1ACC9A}.Debug|Any CPU.Build.0 = Debug|Any CPU
		{AA9D4436-27BF-4661-B0BF-D1F10C1ACC9A}.Release|Any CPU.ActiveCfg = Release|Any CPU
		{AA9D4436-27BF-4661-B0BF-D1F10C1ACC9A}.Release|Any CPU.Build.0 = Release|Any CPU
	EndGlobalSection
	GlobalSection(SolutionProperties) = preSolution
		HideSolutionNode = FALSE
	EndGlobalSection
	GlobalSection(ExtensibilityGlobals) = postSolution
		SolutionGuid = {79F663EC-C5DE-4E93-AC7E-4DC57A78473D}
	EndGlobalSection
EndGlobal
